
Microsoft Visual Studio Solution File, Format Version 12.00
# Visual Studio Version 17
VisualStudioVersion = 17.4.33213.308
MinimumVisualStudioVersion = 10.0.40219.1
Project("{FAE04EC0-301F-11D3-BF4B-00C04F79EFBC}") = "SNAKE", "SNAKE\SNAKE.csproj", "{C94625DD-139B-40CF-81BA-3E18FBDA8228}"
EndProject
Global
	GlobalSection(SolutionConfigurationPlatforms) = preSolution
		Debug|Any CPU = Debug|Any CPU
		Release|Any CPU = Release|Any CPU
	EndGlobalSection
	GlobalSection(ProjectConfigurationPlatforms) = postSolution
		{C94625DD-139B-40CF-81BA-3E18FBDA8228}.Debug|Any CPU.ActiveCfg = Debug|Any CPU
		{C94625DD-139B-40CF-81BA-3E18FBDA8228}.Debug|Any CPU.Build.0 = Debug|Any CPU
		{C94625DD-139B-40CF-81BA-3E18FBDA8228}.Release|Any CPU.ActiveCfg = Release|Any CPU
		{C94625DD-139B-40CF-81BA-3E18FBDA8228}.Release|Any CPU.Build.0 = Release|Any CPU
	EndGlobalSection
	GlobalSection(SolutionProperties) = preSolution
		HideSolutionNode = FALSE
	EndGlobalSection
	GlobalSection(ExtensibilityGlobals) = postSolution
		SolutionGuid = {85B26E6E-F6D4-445D-B770-49C9DF6124A6}
	EndGlobalSection
EndGlobal
